<?xml version="1.0" encoding="utf-8"?>
<Project ToolsVersion="4.0" xmlns="http://schemas.microsoft.com/developer/msbuild/2003">
  <ItemGroup>
    <ClCompile Include="EyeXGaze.cpp" />
    <ClCompile Include="Eye_Computing_Dialog.cpp" />
    <ClCompile Include="Eye_Computing_DialogDlg.cpp" />
    <ClCompile Include="stdafx.cpp" />
    <ClCompile Include="xSkinButton.cpp" />
  </ItemGroup>
  <ItemGroup>
    <ClInclude Include="EyeXGaze.h" />
    <ClInclude Include="Eye_Computing_Dialog.h" />
    <ClInclude Include="Eye_Computing_DialogDlg.h" />
    <ClInclude Include="Resource.h" />
    <ClInclude Include="stdafx.h" />
    <ClInclude Include="targetver.h" />
    <ClInclude Include="xSkinButton.h" />
  </ItemGroup>
  <ItemGroup>
    <ResourceCompile Include="Eye_Computing_Dialog.rc" />
  </ItemGroup>
  <ItemGroup>
    <Image Include="res\background.bmp" />
    <Image Include="res\background.png" />
    <Image Include="res\back_normal.bmp" />
    <Image Include="res\bieup_normal.bmp" />
    <Image Include="res\bkspace_normal.bmp" />
    <Image Include="res\bksp_normal.bmp" />
    <Image Include="res\bk_normal.bmp" />
    <Image Include="res\chieut_normal.bmp" />
    <Image Include="res\confirm_normal.bmp" />
    <Image Include="res\digeut_normal.bmp" />
    <Image Include="res\eiung_normal.bmp" />
    <Image Include="res\eu_normal.bmp" />
    <Image Include="res\Eye_Computing_Dialog.ico" />
    <Image Include="res\giyeok_normal.bmp" />
    <Image Include="res\hieut_normal.bmp" />
    <Image Include="res\ieung_normal.bmp" />
    <Image Include="res\jieut_normal.bmp" />
    <Image Include="res\kieuk_normal.bmp" />
    <Image Include="res\lieul_normal.bmp" />
    <Image Include="res\mieum_normal.bmp" />
    <Image Include="res\minus_normal.bmp" />
    <Image Include="res\nieun_normal.bmp" />
    <Image Include="res\off_normal.bmp" />
    <Image Include="res\pieup_normal.bmp" />
    <Image Include="res\plus_normal.bmp" />
    <Image Include="res\rieul_normal.bmp" />
    <Image Include="res\shift_normal.bmp" />
    <Image Include="res\shiot_normal.bmp" />
    <Image Include="res\siot_normal.bmp" />
    <Image Include="res\space_normal.bmp" />
    <Image Include="res\tieut_normal.bmp" />
    <Image Include="res\yi_normal.bmp" />
    <Image Include="res\zieut_normal.bmp" />
    <Image Include="res\zzum_normal.bmp" />
  </ItemGroup>
  <ItemGroup>
    <None Include="res\Eye_Computing_Dialog.rc2" />
    <None Include="res\dd.cur" />
  </ItemGroup>
  <ItemGroup>
    <Text Include="ReadMe.txt" />
  </ItemGroup>
</Project>