<?xml version="1.0" encoding="utf-8"?>
<Project ToolsVersion="4.0" xmlns="http://schemas.microsoft.com/developer/msbuild/2003">
  <ItemGroup>
    <ClCompile Include="EyeXGaze.cpp" />
    <ClCompile Include="Eye_Computing_Dialog.cpp" />
    <ClCompile Include="Eye_Computing_DialogDlg.cpp" />
    <ClCompile Include="stdafx.cpp" />
    <ClCompile Include="xSkinButton.cpp" />
  </ItemGroup>
  <ItemGroup>
    <ClInclude Include="EyeXGaze.h" />
    <ClInclude Include="Eye_Computing_Dialog.h" />
    <ClInclude Include="Eye_Computing_DialogDlg.h" />
    <ClInclude Include="Resource.h" />
    <ClInclude Include="stdafx.h" />
    <ClInclude Include="targetver.h" />
    <ClInclude Include="xSkinButton.h" />
  </ItemGroup>
  <ItemGroup>
    <ResourceCompile Include="Eye_Computing_Dialog.rc" />
  </ItemGroup>
  <ItemGroup>
    <Image Include="res\background.bmp" />
    <Image Include="res\background.png" />
    <Image Include="res\back_normal.bmp" />
    <Image Include="res\bieup_normal.bmp" />
    <Image Include="res\bkspace_normal.bmp" />
    <Image Include="res\bksp_normal.bmp" />
    <Image Include="res\bk_normal.bmp" />
    <Image Include="res\chieut_normal.bmp" />
    <Image Include="res\confirm_normal.bmp" />
    <Image Include="res\digeut_normal.bmp" />
    <Image Include="res\eiung_normal.bmp" />
    <Image Include="res\eu_normal.bmp" />
    <Image Include="res\Eye_Computing_Dialog.ico" />
    <Image Include="res\giyeok_normal.bmp" />
    <Image Include="res\hieut_normal.bmp" />
    <Image Include="res\ieung_normal.bmp" />
    <Image Include="res\jieut_normal.bmp" />
    <Image Include="res\kieuk_normal.bmp" />
    <Image Include="res\lieul_normal.bmp" />
    <Image Include="res\mieum_normal.bmp" />
    <Image Include="res\minus_normal.bmp" />
    <Image Include="res\nieun_normal.bmp" />
    <Image Include="res\off_normal.bmp" />
    <Image Include="res\pieup_normal.bmp" />
    <Image Include="res\plus_normal.bmp" />
    <Image Include="res\rieul_normal.bmp" />
    <Image Include="res\shift_normal.bmp" />
    <Image Include="res\shiot_normal.bmp" />
    <Image Include="res\siot_normal.bmp" />
    <Image Include="res\space_normal.bmp" />
    <Image Include="res\tieut_normal.bmp" />
    <Image Include="res\yi_normal.bmp" />
    <Image Include="res\zieut_normal.bmp" />
    <Image Include="res\zzum_normal.bmp" />
    <Image Include="res\B_normal.bmp" />
    <Image Include="res\I_normal.bmp" />
    <Image Include="res\E_normal.bmp" />
    <Image Include="res\O_normal.bmp" />
    <Image Include="res\A_normal.bmp" />
    <Image Include="res\U_normal.bmp" />
    <Image Include="res\S_normal.bmp" />
    <Image Include="res\H_normal.bmp" />
    <Image Include="res\T_normal.bmp" />
    <Image Include="res\D_normal.bmp" />
    <Image Include="res\C_normal.bmp" />
    <Image Include="res\R_normal.bmp" />
    <Image Include="res\L_normal.bmp" />
    <Image Include="res\F_normal.bmp" />
    <Image Include="res\W_normal.bmp" />
    <Image Include="res\X_normal.bmp" />
    <Image Include="res\M_normal.bmp" />
    <Image Include="res\N_normal.bmp" />
    <Image Include="res\K_normal.bmp" />
    <Image Include="res\V_normal.bmp" />
    <Image Include="res\P_normal.bmp" />
    <Image Include="res\G_normal.bmp" />
    <Image Include="res\Y_normal.bmp" />
    <Image Include="res\Z_normal.bmp" />
    <Image Include="res\J_normal.bmp" />
    <Image Include="res\Q_normal.bmp" />
    <Image Include="res\number_normal.bmp" />
    <Image Include="res\enlgish_normal.bmp" />
    <Image Include="res\korean_normal.bmp" />
    <Image Include="res\A_over.bmp" />
    <Image Include="res\B_over.bmp" />
    <Image Include="res\back_over.bmp" />
    <Image Include="res\bieup_over.bmp" />
    <Image Include="res\bkspace_over.bmp" />
    <Image Include="res\C_over.bmp" />
    <Image Include="res\chieut_over.bmp" />
    <Image Include="res\confirm_over.bmp" />
    <Image Include="res\D_over.bmp" />
    <Image Include="res\digeut_over.bmp" />
    <Image Include="res\E_over.bmp" />
    <Image Include="res\enlgish_over.bmp" />
    <Image Include="res\eu_over.bmp" />
    <Image Include="res\F_over.bmp" />
    <Image Include="res\G_over.bmp" />
    <Image Include="res\giyeok_over.bmp" />
    <Image Include="res\H_over.bmp" />
    <Image Include="res\hieut_over.bmp" />
    <Image Include="res\I_over.bmp" />
    <Image Include="res\ieung_over.bmp" />
    <Image Include="res\J_over.bmp" />
    <Image Include="res\jieut_over.bmp" />
    <Image Include="res\K_over.bmp" />
    <Image Include="res\kieuk_over.bmp" />
    <Image Include="res\korean_over.bmp" />
    <Image Include="res\L_over.bmp" />
    <Image Include="res\M_over.bmp" />
    <Image Include="res\mieum_over.bmp" />
    <Image Include="res\minus_over.bmp" />
    <Image Include="res\N_over.bmp" />
    <Image Include="res\nieun_over.bmp" />
    <Image Include="res\number_over.bmp" />
    <Image Include="res\O_over.bmp" />
    <Image Include="res\off_over.bmp" />
    <Image Include="res\P_over.bmp" />
    <Image Include="res\pieup_over.bmp" />
    <Image Include="res\plus_over.bmp" />
    <Image Include="res\Q_over.bmp" />
    <Image Include="res\R_over.bmp" />
    <Image Include="res\rieul_over.bmp" />
    <Image Include="res\S_over.bmp" />
    <Image Include="res\shift_over.bmp" />
    <Image Include="res\shiot_over.bmp" />
    <Image Include="res\space_over.bmp" />
    <Image Include="res\T_over.bmp" />
    <Image Include="res\tieut_over.bmp" />
    <Image Include="res\U_over.bmp" />
    <Image Include="res\V_over.bmp" />
    <Image Include="res\W_over.bmp" />
    <Image Include="res\X_over.bmp" />
    <Image Include="res\Y_over.bmp" />
    <Image Include="res\yi_over.bmp" />
    <Image Include="res\Z_over.bmp" />
    <Image Include="res\zzum_over.bmp" />
    <Image Include="res\n_exclaim_normal.bmp" />
    <Image Include="res\n_question_normal.bmp" />
    <Image Include="res\n_equal_normal.bmp" />
    <Image Include="res\n_zero_normal.bmp" />
    <Image Include="res\n_hyphen_normal.bmp" />
    <Image Include="res\n_seven_normal.bmp" />
    <Image Include="res\n_slash_normal.bmp" />
    <Image Include="res\n_sgquot_normal.bmp" />
    <Image Include="res\n_one_normal.bmp" />
    <Image Include="res\n_four_normal.bmp" />
    <Image Include="res\n_eight_normal.bmp" />
    <Image Include="res\n_sqbracket_open_normal.bmp" />
    <Image Include="res\n_five_normal.bmp" />
    <Image Include="res\n_backslash_normal.bmp" />
    <Image Include="res\n_nine_normal.bmp" />
    <Image Include="res\n_comma_normal.bmp" />
    <Image Include="res\n_semicolon_normal.bmp" />
    <Image Include="res\n_three_normal.bmp" />
    <Image Include="res\n_six_normal.bmp" />
    <Image Include="res\n_sqbracket_close_normal.bmp" />
    <Image Include="res\n_dot_normal.bmp" />
    <Image Include="res\n_two_normal.bmp" />
    <Image Include="res\n_shift_normal.bmp" />
    <Image Include="res\n_accent_normal.bmp" />
    <Image Include="res\n_accent_over.bmp" />
    <Image Include="res\n_backslash_over.bmp" />
    <Image Include="res\n_comma_over.bmp" />
    <Image Include="res\n_dot_over.bmp" />
    <Image Include="res\n_eight_over.bmp" />
    <Image Include="res\n_equal_over.bmp" />
    <Image Include="res\n_exclaim_over.bmp" />
    <Image Include="res\n_five_over.bmp" />
    <Image Include="res\n_four_over.bmp" />
    <Image Include="res\n_hyphen_over.bmp" />
    <Image Include="res\n_nine_over.bmp" />
    <Image Include="res\n_one_over.bmp" />
    <Image Include="res\n_question_over.bmp" />
    <Image Include="res\n_semicolon_over.bmp" />
    <Image Include="res\n_seven_over.bmp" />
    <Image Include="res\n_sgquot_over.bmp" />
    <Image Include="res\n_shift_over.bmp" />
    <Image Include="res\n_six_over.bmp" />
    <Image Include="res\n_slash_over.bmp" />
    <Image Include="res\n_sqbracket_close_over.bmp" />
    <Image Include="res\n_sqbracket_open_over.bmp" />
    <Image Include="res\n_three_over.bmp" />
    <Image Include="res\n_two_over.bmp" />
    <Image Include="res\n_zero_over.bmp" />
  </ItemGroup>
  <ItemGroup>
    <None Include="res\Eye_Computing_Dialog.rc2" />
    <None Include="POINTER_COPY.cur" />
  </ItemGroup>
  <ItemGroup>
    <Text Include="ReadMe.txt" />
  </ItemGroup>
</Project>