<?xml version="1.0" encoding="utf-8"?>
<Project ToolsVersion="4.0" xmlns="http://schemas.microsoft.com/developer/msbuild/2003">
  <ItemGroup>
    <Filter Include="소스 파일">
      <UniqueIdentifier>{4FC737F1-C7A5-4376-A066-2A32D752A2FF}</UniqueIdentifier>
      <Extensions>cpp;c;cc;cxx;def;odl;idl;hpj;bat;asm;asmx</Extensions>
    </Filter>
    <Filter Include="헤더 파일">
      <UniqueIdentifier>{93995380-89BD-4b04-88EB-625FBE52EBFB}</UniqueIdentifier>
      <Extensions>h;hh;hpp;hxx;hm;inl;inc;xsd</Extensions>
    </Filter>
    <Filter Include="리소스 파일">
      <UniqueIdentifier>{67DA6AB6-F800-4c08-8B7A-83BB121AAD01}</UniqueIdentifier>
      <Extensions>rc;ico;cur;bmp;dlg;rc2;rct;bin;rgs;gif;jpg;jpeg;jpe;resx;tiff;tif;png;wav;mfcribbon-ms</Extensions>
    </Filter>
  </ItemGroup>
  <ItemGroup>
    <Text Include="ReadMe.txt" />
  </ItemGroup>
  <ItemGroup>
    <ClInclude Include="EyeMakeIt.h">
      <Filter>헤더 파일</Filter>
    </ClInclude>
    <ClInclude Include="EyeMakeItDlg.h">
      <Filter>헤더 파일</Filter>
    </ClInclude>
    <ClInclude Include="stdafx.h">
      <Filter>헤더 파일</Filter>
    </ClInclude>
    <ClInclude Include="targetver.h">
      <Filter>헤더 파일</Filter>
    </ClInclude>
    <ClInclude Include="Resource.h">
      <Filter>헤더 파일</Filter>
    </ClInclude>
    <ClInclude Include="EyeXGaze.h">
      <Filter>헤더 파일</Filter>
    </ClInclude>
    <ClInclude Include="SelectMouseDlg.h">
      <Filter>헤더 파일</Filter>
    </ClInclude>
    <ClInclude Include="SelectSettingDlg.h">
      <Filter>헤더 파일</Filter>
    </ClInclude>
    <ClInclude Include="SelectKeyboardDlg.h">
      <Filter>헤더 파일</Filter>
    </ClInclude>
    <ClInclude Include="SelectSetCoordinateDlg.h">
      <Filter>헤더 파일</Filter>
    </ClInclude>
    <ClInclude Include="CxSkinButton.h">
      <Filter>헤더 파일</Filter>
    </ClInclude>
  </ItemGroup>
  <ItemGroup>
    <ClCompile Include="EyeMakeIt.cpp">
      <Filter>소스 파일</Filter>
    </ClCompile>
    <ClCompile Include="EyeMakeItDlg.cpp">
      <Filter>소스 파일</Filter>
    </ClCompile>
    <ClCompile Include="stdafx.cpp">
      <Filter>소스 파일</Filter>
    </ClCompile>
    <ClCompile Include="EyeXGaze.cpp">
      <Filter>소스 파일</Filter>
    </ClCompile>
    <ClCompile Include="SelectMouseDlg.cpp">
      <Filter>소스 파일</Filter>
    </ClCompile>
    <ClCompile Include="SelectSettingDlg.cpp">
      <Filter>소스 파일</Filter>
    </ClCompile>
    <ClCompile Include="SelectKeyboardDlg.cpp">
      <Filter>소스 파일</Filter>
    </ClCompile>
    <ClCompile Include="SelectSetCoordinateDlg.cpp">
      <Filter>소스 파일</Filter>
    </ClCompile>
    <ClCompile Include="CxSkinButton.cpp">
      <Filter>소스 파일</Filter>
    </ClCompile>
  </ItemGroup>
  <ItemGroup>
    <ResourceCompile Include="EyeMakeIt.rc">
      <Filter>리소스 파일</Filter>
    </ResourceCompile>
  </ItemGroup>
  <ItemGroup>
    <None Include="res\EyeMakeIt.rc2">
      <Filter>리소스 파일</Filter>
    </None>
  </ItemGroup>
  <ItemGroup>
    <Image Include="res\EyeMakeIt.ico">
      <Filter>리소스 파일</Filter>
    </Image>
    <Image Include="res\Keyboard\Number\IDB_N_ONE.bmp">
      <Filter>리소스 파일</Filter>
    </Image>
    <Image Include="res\Keyboard\Number\IDB_N_ONE_OVER.bmp">
      <Filter>리소스 파일</Filter>
    </Image>
    <Image Include="res\Keyboard\IDB_MASK.bmp">
      <Filter>리소스 파일</Filter>
    </Image>
    <Image Include="res\Keyboard\Number\IDB_N_EIG.bmp">
      <Filter>리소스 파일</Filter>
    </Image>
    <Image Include="res\Keyboard\Number\IDB_N_EIG_OVER.bmp">
      <Filter>리소스 파일</Filter>
    </Image>
    <Image Include="res\Keyboard\Number\IDB_N_FIV.bmp">
      <Filter>리소스 파일</Filter>
    </Image>
    <Image Include="res\Keyboard\Number\IDB_N_FIV_OVER.bmp">
      <Filter>리소스 파일</Filter>
    </Image>
    <Image Include="res\Keyboard\Number\IDB_N_FOU.bmp">
      <Filter>리소스 파일</Filter>
    </Image>
    <Image Include="res\Keyboard\Number\IDB_N_FOU_OVER.bmp">
      <Filter>리소스 파일</Filter>
    </Image>
    <Image Include="res\Keyboard\Number\IDB_N_NIN.bmp">
      <Filter>리소스 파일</Filter>
    </Image>
    <Image Include="res\Keyboard\Number\IDB_N_NIN_OVER.bmp">
      <Filter>리소스 파일</Filter>
    </Image>
    <Image Include="res\Keyboard\Number\IDB_N_SEV.bmp">
      <Filter>리소스 파일</Filter>
    </Image>
    <Image Include="res\Keyboard\Number\IDB_N_SEV_OVER.bmp">
      <Filter>리소스 파일</Filter>
    </Image>
    <Image Include="res\Keyboard\Number\IDB_N_SIX.bmp">
      <Filter>리소스 파일</Filter>
    </Image>
    <Image Include="res\Keyboard\Number\IDB_N_SIX_OVER.bmp">
      <Filter>리소스 파일</Filter>
    </Image>
    <Image Include="res\Keyboard\Number\IDB_N_THR.bmp">
      <Filter>리소스 파일</Filter>
    </Image>
    <Image Include="res\Keyboard\Number\IDB_N_THR_OVER.bmp">
      <Filter>리소스 파일</Filter>
    </Image>
    <Image Include="res\Keyboard\Number\IDB_N_TWO.bmp">
      <Filter>리소스 파일</Filter>
    </Image>
    <Image Include="res\Keyboard\Number\IDB_N_TWO_OVER.bmp">
      <Filter>리소스 파일</Filter>
    </Image>
    <Image Include="res\Keyboard\Number\IDB_N_ZER.bmp">
      <Filter>리소스 파일</Filter>
    </Image>
    <Image Include="res\Keyboard\Number\IDB_N_ZER_OVER.bmp">
      <Filter>리소스 파일</Filter>
    </Image>
    <Image Include="res\Keyboard\System\IDB_S_BCK.bmp">
      <Filter>리소스 파일</Filter>
    </Image>
    <Image Include="res\Keyboard\System\IDB_S_BCK_OVER.bmp">
      <Filter>리소스 파일</Filter>
    </Image>
    <Image Include="res\Keyboard\System\IDB_S_BKS.bmp">
      <Filter>리소스 파일</Filter>
    </Image>
    <Image Include="res\Keyboard\System\IDB_S_BKS_OVER.bmp">
      <Filter>리소스 파일</Filter>
    </Image>
    <Image Include="res\Keyboard\System\IDB_S_CON.bmp">
      <Filter>리소스 파일</Filter>
    </Image>
    <Image Include="res\Keyboard\System\IDB_S_CON_OVER.bmp">
      <Filter>리소스 파일</Filter>
    </Image>
    <Image Include="res\Keyboard\System\IDB_S_ENT.bmp">
      <Filter>리소스 파일</Filter>
    </Image>
    <Image Include="res\Keyboard\System\IDB_S_ENT_OVER.bmp">
      <Filter>리소스 파일</Filter>
    </Image>
    <Image Include="res\Keyboard\System\IDB_S_SHF.bmp">
      <Filter>리소스 파일</Filter>
    </Image>
    <Image Include="res\Keyboard\System\IDB_S_SHF_OVER.bmp">
      <Filter>리소스 파일</Filter>
    </Image>
    <Image Include="res\Keyboard\System\IDB_S_SPE.bmp">
      <Filter>리소스 파일</Filter>
    </Image>
    <Image Include="res\Keyboard\System\IDB_S_SPE_OVER.bmp">
      <Filter>리소스 파일</Filter>
    </Image>
    <Image Include="res\Keyboard\Korean\IDB_K_AAA.bmp">
      <Filter>리소스 파일</Filter>
    </Image>
    <Image Include="res\Keyboard\Korean\IDB_K_AAA_OVER.bmp">
      <Filter>리소스 파일</Filter>
    </Image>
    <Image Include="res\Keyboard\Korean\IDB_K_AEE.bmp">
      <Filter>리소스 파일</Filter>
    </Image>
    <Image Include="res\Keyboard\Korean\IDB_K_AEE_OVER.bmp">
      <Filter>리소스 파일</Filter>
    </Image>
    <Image Include="res\Keyboard\Korean\IDB_K_BIE.bmp">
      <Filter>리소스 파일</Filter>
    </Image>
    <Image Include="res\Keyboard\Korean\IDB_K_BIE_OVER.bmp">
      <Filter>리소스 파일</Filter>
    </Image>
    <Image Include="res\Keyboard\Korean\IDB_K_CHI.bmp">
      <Filter>리소스 파일</Filter>
    </Image>
    <Image Include="res\Keyboard\Korean\IDB_K_CHI_OVER.bmp">
      <Filter>리소스 파일</Filter>
    </Image>
    <Image Include="res\Keyboard\Korean\IDB_K_DIG.bmp">
      <Filter>리소스 파일</Filter>
    </Image>
    <Image Include="res\Keyboard\Korean\IDB_K_DIG_OVER.bmp">
      <Filter>리소스 파일</Filter>
    </Image>
    <Image Include="res\Keyboard\Korean\IDB_K_EEE.bmp">
      <Filter>리소스 파일</Filter>
    </Image>
    <Image Include="res\Keyboard\Korean\IDB_K_EEE_OVER.bmp">
      <Filter>리소스 파일</Filter>
    </Image>
    <Image Include="res\Keyboard\Korean\IDB_K_EOO.bmp">
      <Filter>리소스 파일</Filter>
    </Image>
    <Image Include="res\Keyboard\Korean\IDB_K_EOO_OVER.bmp">
      <Filter>리소스 파일</Filter>
    </Image>
    <Image Include="res\Keyboard\Korean\IDB_K_EUU.bmp">
      <Filter>리소스 파일</Filter>
    </Image>
    <Image Include="res\Keyboard\Korean\IDB_K_EUU_OVER.bmp">
      <Filter>리소스 파일</Filter>
    </Image>
    <Image Include="res\Keyboard\Korean\IDB_K_GIY.bmp">
      <Filter>리소스 파일</Filter>
    </Image>
    <Image Include="res\Keyboard\Korean\IDB_K_GIY_OVER.bmp">
      <Filter>리소스 파일</Filter>
    </Image>
    <Image Include="res\Keyboard\Korean\IDB_K_HIE.bmp">
      <Filter>리소스 파일</Filter>
    </Image>
    <Image Include="res\Keyboard\Korean\IDB_K_HIE_OVER.bmp">
      <Filter>리소스 파일</Filter>
    </Image>
    <Image Include="res\Keyboard\Korean\IDB_K_IEU.bmp">
      <Filter>리소스 파일</Filter>
    </Image>
    <Image Include="res\Keyboard\Korean\IDB_K_IEU_OVER.bmp">
      <Filter>리소스 파일</Filter>
    </Image>
    <Image Include="res\Keyboard\Korean\IDB_K_JIE.bmp">
      <Filter>리소스 파일</Filter>
    </Image>
    <Image Include="res\Keyboard\Korean\IDB_K_JIE_OVER.bmp">
      <Filter>리소스 파일</Filter>
    </Image>
    <Image Include="res\Keyboard\Korean\IDB_K_KIE.bmp">
      <Filter>리소스 파일</Filter>
    </Image>
    <Image Include="res\Keyboard\Korean\IDB_K_KIE_OVER.bmp">
      <Filter>리소스 파일</Filter>
    </Image>
    <Image Include="res\Keyboard\Korean\IDB_K_MIE.bmp">
      <Filter>리소스 파일</Filter>
    </Image>
    <Image Include="res\Keyboard\Korean\IDB_K_MIE_OVER.bmp">
      <Filter>리소스 파일</Filter>
    </Image>
    <Image Include="res\Keyboard\Korean\IDB_K_NIE.bmp">
      <Filter>리소스 파일</Filter>
    </Image>
    <Image Include="res\Keyboard\Korean\IDB_K_NIE_OVER.bmp">
      <Filter>리소스 파일</Filter>
    </Image>
    <Image Include="res\Keyboard\Korean\IDB_K_OOO.bmp">
      <Filter>리소스 파일</Filter>
    </Image>
    <Image Include="res\Keyboard\Korean\IDB_K_OOO_OVER.bmp">
      <Filter>리소스 파일</Filter>
    </Image>
    <Image Include="res\Keyboard\Korean\IDB_K_PIE.bmp">
      <Filter>리소스 파일</Filter>
    </Image>
    <Image Include="res\Keyboard\Korean\IDB_K_PIE_OVER.bmp">
      <Filter>리소스 파일</Filter>
    </Image>
    <Image Include="res\Keyboard\Korean\IDB_K_RIE.bmp">
      <Filter>리소스 파일</Filter>
    </Image>
    <Image Include="res\Keyboard\Korean\IDB_K_RIE_OVER.bmp">
      <Filter>리소스 파일</Filter>
    </Image>
    <Image Include="res\Keyboard\Korean\IDB_K_SHI.bmp">
      <Filter>리소스 파일</Filter>
    </Image>
    <Image Include="res\Keyboard\Korean\IDB_K_SHI_OVER.bmp">
      <Filter>리소스 파일</Filter>
    </Image>
    <Image Include="res\Keyboard\Korean\IDB_K_TIE.bmp">
      <Filter>리소스 파일</Filter>
    </Image>
    <Image Include="res\Keyboard\Korean\IDB_K_TIE_OVER.bmp">
      <Filter>리소스 파일</Filter>
    </Image>
    <Image Include="res\Keyboard\Korean\IDB_K_UUU.bmp">
      <Filter>리소스 파일</Filter>
    </Image>
    <Image Include="res\Keyboard\Korean\IDB_K_UUU_OVER.bmp">
      <Filter>리소스 파일</Filter>
    </Image>
    <Image Include="res\Keyboard\Korean\IDB_K_YEO.bmp">
      <Filter>리소스 파일</Filter>
    </Image>
    <Image Include="res\Keyboard\Korean\IDB_K_YEO_OVER.bmp">
      <Filter>리소스 파일</Filter>
    </Image>
    <Image Include="res\Keyboard\Korean\IDB_K_YII.bmp">
      <Filter>리소스 파일</Filter>
    </Image>
    <Image Include="res\Keyboard\Korean\IDB_K_YII_OVER.bmp">
      <Filter>리소스 파일</Filter>
    </Image>
    <Image Include="res\Keyboard\Korean\IDB_K_YUU.bmp">
      <Filter>리소스 파일</Filter>
    </Image>
    <Image Include="res\Keyboard\Korean\IDB_K_YUU_OVER.bmp">
      <Filter>리소스 파일</Filter>
    </Image>
    <Image Include="res\Keyboard\Korean\IDB_K_YYA.bmp">
      <Filter>리소스 파일</Filter>
    </Image>
    <Image Include="res\Keyboard\Korean\IDB_K_YYA_OVER.bmp">
      <Filter>리소스 파일</Filter>
    </Image>
    <Image Include="res\Keyboard\Korean\IDB_K_YYO.bmp">
      <Filter>리소스 파일</Filter>
    </Image>
    <Image Include="res\Keyboard\Korean\IDB_K_YYO_OVER.bmp">
      <Filter>리소스 파일</Filter>
    </Image>
    <Image Include="res\Keyboard\System\IDB_S_DOT.bmp">
      <Filter>리소스 파일</Filter>
    </Image>
    <Image Include="res\Keyboard\System\IDB_S_DOT_OVER.bmp">
      <Filter>리소스 파일</Filter>
    </Image>
    <Image Include="res\Keyboard\System\IDB_S_KNG.bmp">
      <Filter>리소스 파일</Filter>
    </Image>
    <Image Include="res\Keyboard\System\IDB_S_KNG_OVER.bmp">
      <Filter>리소스 파일</Filter>
    </Image>
    <Image Include="res\Keyboard\System\IDB_S_SPC.bmp">
      <Filter>리소스 파일</Filter>
    </Image>
    <Image Include="res\Keyboard\System\IDB_S_SPC_OVER.bmp">
      <Filter>리소스 파일</Filter>
    </Image>
    <Image Include="res\Keyboard\English\IDB_E_SMA.bmp">
      <Filter>리소스 파일</Filter>
    </Image>
    <Image Include="res\Keyboard\English\IDB_E_SMA_OVER.bmp">
      <Filter>리소스 파일</Filter>
    </Image>
    <Image Include="res\Keyboard\English\IDB_E_SMB.bmp">
      <Filter>리소스 파일</Filter>
    </Image>
    <Image Include="res\Keyboard\English\IDB_E_SMB_OVER.bmp">
      <Filter>리소스 파일</Filter>
    </Image>
    <Image Include="res\Keyboard\English\IDB_E_SMC.bmp">
      <Filter>리소스 파일</Filter>
    </Image>
    <Image Include="res\Keyboard\English\IDB_E_SMC_OVER.bmp">
      <Filter>리소스 파일</Filter>
    </Image>
    <Image Include="res\Keyboard\English\IDB_E_SMD.bmp">
      <Filter>리소스 파일</Filter>
    </Image>
    <Image Include="res\Keyboard\English\IDB_E_SMD_OVER.bmp">
      <Filter>리소스 파일</Filter>
    </Image>
    <Image Include="res\Keyboard\English\IDB_E_SME.bmp">
      <Filter>리소스 파일</Filter>
    </Image>
    <Image Include="res\Keyboard\English\IDB_E_SME_OVER.bmp">
      <Filter>리소스 파일</Filter>
    </Image>
    <Image Include="res\Keyboard\English\IDB_E_SMF.bmp">
      <Filter>리소스 파일</Filter>
    </Image>
    <Image Include="res\Keyboard\English\IDB_E_SMF_OVER.bmp">
      <Filter>리소스 파일</Filter>
    </Image>
    <Image Include="res\Keyboard\English\IDB_E_SMG.bmp">
      <Filter>리소스 파일</Filter>
    </Image>
    <Image Include="res\Keyboard\English\IDB_E_SMG_OVER.bmp">
      <Filter>리소스 파일</Filter>
    </Image>
    <Image Include="res\Keyboard\English\IDB_E_SMH.bmp">
      <Filter>리소스 파일</Filter>
    </Image>
    <Image Include="res\Keyboard\English\IDB_E_SMH_OVER.bmp">
      <Filter>리소스 파일</Filter>
    </Image>
    <Image Include="res\Keyboard\English\IDB_E_SMI.bmp">
      <Filter>리소스 파일</Filter>
    </Image>
    <Image Include="res\Keyboard\English\IDB_E_SMI_OVER.bmp">
      <Filter>리소스 파일</Filter>
    </Image>
    <Image Include="res\Keyboard\English\IDB_E_SMJ.bmp">
      <Filter>리소스 파일</Filter>
    </Image>
    <Image Include="res\Keyboard\English\IDB_E_SMJ_OVER.bmp">
      <Filter>리소스 파일</Filter>
    </Image>
    <Image Include="res\Keyboard\English\IDB_E_SMK.bmp">
      <Filter>리소스 파일</Filter>
    </Image>
    <Image Include="res\Keyboard\English\IDB_E_SMK_OVER.bmp">
      <Filter>리소스 파일</Filter>
    </Image>
    <Image Include="res\Keyboard\English\IDB_E_SML.bmp">
      <Filter>리소스 파일</Filter>
    </Image>
    <Image Include="res\Keyboard\English\IDB_E_SML_OVER.bmp">
      <Filter>리소스 파일</Filter>
    </Image>
    <Image Include="res\Keyboard\English\IDB_E_SMM.bmp">
      <Filter>리소스 파일</Filter>
    </Image>
    <Image Include="res\Keyboard\English\IDB_E_SMM_OVER.bmp">
      <Filter>리소스 파일</Filter>
    </Image>
    <Image Include="res\Keyboard\English\IDB_E_SMN.bmp">
      <Filter>리소스 파일</Filter>
    </Image>
    <Image Include="res\Keyboard\English\IDB_E_SMN_OVER.bmp">
      <Filter>리소스 파일</Filter>
    </Image>
    <Image Include="res\Keyboard\English\IDB_E_SMO.bmp">
      <Filter>리소스 파일</Filter>
    </Image>
    <Image Include="res\Keyboard\English\IDB_E_SMO_OVER.bmp">
      <Filter>리소스 파일</Filter>
    </Image>
    <Image Include="res\Keyboard\English\IDB_E_SMP.bmp">
      <Filter>리소스 파일</Filter>
    </Image>
    <Image Include="res\Keyboard\English\IDB_E_SMP_OVER.bmp">
      <Filter>리소스 파일</Filter>
    </Image>
    <Image Include="res\Keyboard\English\IDB_E_SMQ.bmp">
      <Filter>리소스 파일</Filter>
    </Image>
    <Image Include="res\Keyboard\English\IDB_E_SMQ_OVER.bmp">
      <Filter>리소스 파일</Filter>
    </Image>
    <Image Include="res\Keyboard\English\IDB_E_SMR.bmp">
      <Filter>리소스 파일</Filter>
    </Image>
    <Image Include="res\Keyboard\English\IDB_E_SMR_OVER.bmp">
      <Filter>리소스 파일</Filter>
    </Image>
    <Image Include="res\Keyboard\English\IDB_E_SMS.bmp">
      <Filter>리소스 파일</Filter>
    </Image>
    <Image Include="res\Keyboard\English\IDB_E_SMS_OVER.bmp">
      <Filter>리소스 파일</Filter>
    </Image>
    <Image Include="res\Keyboard\English\IDB_E_SMT.bmp">
      <Filter>리소스 파일</Filter>
    </Image>
    <Image Include="res\Keyboard\English\IDB_E_SMT_OVER.bmp">
      <Filter>리소스 파일</Filter>
    </Image>
    <Image Include="res\Keyboard\English\IDB_E_SMU.bmp">
      <Filter>리소스 파일</Filter>
    </Image>
    <Image Include="res\Keyboard\English\IDB_E_SMU_OVER.bmp">
      <Filter>리소스 파일</Filter>
    </Image>
    <Image Include="res\Keyboard\English\IDB_E_SMV.bmp">
      <Filter>리소스 파일</Filter>
    </Image>
    <Image Include="res\Keyboard\English\IDB_E_SMV_OVER.bmp">
      <Filter>리소스 파일</Filter>
    </Image>
    <Image Include="res\Keyboard\English\IDB_E_SMW.bmp">
      <Filter>리소스 파일</Filter>
    </Image>
    <Image Include="res\Keyboard\English\IDB_E_SMW_OVER.bmp">
      <Filter>리소스 파일</Filter>
    </Image>
    <Image Include="res\Keyboard\English\IDB_E_SMX.bmp">
      <Filter>리소스 파일</Filter>
    </Image>
    <Image Include="res\Keyboard\English\IDB_E_SMX_OVER.bmp">
      <Filter>리소스 파일</Filter>
    </Image>
    <Image Include="res\Keyboard\English\IDB_E_SMY.bmp">
      <Filter>리소스 파일</Filter>
    </Image>
    <Image Include="res\Keyboard\English\IDB_E_SMY_OVER.bmp">
      <Filter>리소스 파일</Filter>
    </Image>
    <Image Include="res\Keyboard\English\IDB_E_SMZ.bmp">
      <Filter>리소스 파일</Filter>
    </Image>
    <Image Include="res\Keyboard\English\IDB_E_SMZ_OVER.bmp">
      <Filter>리소스 파일</Filter>
    </Image>
    <Image Include="res\Keyboard\System\IDB_S_ENG.bmp">
      <Filter>리소스 파일</Filter>
    </Image>
    <Image Include="res\Keyboard\System\IDB_S_ENG_OVER.bmp">
      <Filter>리소스 파일</Filter>
    </Image>
    <Image Include="res\Keyboard\System\IDB_S_KOR.bmp">
      <Filter>리소스 파일</Filter>
    </Image>
    <Image Include="res\Keyboard\System\IDB_S_KOR_OVER.bmp">
      <Filter>리소스 파일</Filter>
    </Image>
    <Image Include="res\Keyboard\Special\IDB_P_AND.bmp">
      <Filter>리소스 파일</Filter>
    </Image>
    <Image Include="res\Keyboard\Special\IDB_P_AND_OVER.bmp">
      <Filter>리소스 파일</Filter>
    </Image>
    <Image Include="res\Keyboard\Special\IDB_P_AST.bmp">
      <Filter>리소스 파일</Filter>
    </Image>
    <Image Include="res\Keyboard\Special\IDB_P_AST_OVER.bmp">
      <Filter>리소스 파일</Filter>
    </Image>
    <Image Include="res\Keyboard\Special\IDB_P_BDD.bmp">
      <Filter>리소스 파일</Filter>
    </Image>
    <Image Include="res\Keyboard\Special\IDB_P_BDD_OVER.bmp">
      <Filter>리소스 파일</Filter>
    </Image>
    <Image Include="res\Keyboard\Special\IDB_P_BSL.bmp">
      <Filter>리소스 파일</Filter>
    </Image>
    <Image Include="res\Keyboard\Special\IDB_P_BSL_OVER.bmp">
      <Filter>리소스 파일</Filter>
    </Image>
    <Image Include="res\Keyboard\Special\IDB_P_CDG.bmp">
      <Filter>리소스 파일</Filter>
    </Image>
    <Image Include="res\Keyboard\Special\IDB_P_CDG_OVER.bmp">
      <Filter>리소스 파일</Filter>
    </Image>
    <Image Include="res\Keyboard\Special\IDB_P_CIR.bmp">
      <Filter>리소스 파일</Filter>
    </Image>
    <Image Include="res\Keyboard\Special\IDB_P_CIR_OVER.bmp">
      <Filter>리소스 파일</Filter>
    </Image>
    <Image Include="res\Keyboard\Special\IDB_P_CKG.bmp">
      <Filter>리소스 파일</Filter>
    </Image>
    <Image Include="res\Keyboard\Special\IDB_P_CKG_OVER.bmp">
      <Filter>리소스 파일</Filter>
    </Image>
    <Image Include="res\Keyboard\Special\IDB_P_CMM.bmp">
      <Filter>리소스 파일</Filter>
    </Image>
    <Image Include="res\Keyboard\Special\IDB_P_CMM_OVER.bmp">
      <Filter>리소스 파일</Filter>
    </Image>
    <Image Include="res\Keyboard\Special\IDB_P_COL.bmp">
      <Filter>리소스 파일</Filter>
    </Image>
    <Image Include="res\Keyboard\Special\IDB_P_COL_OVER.bmp">
      <Filter>리소스 파일</Filter>
    </Image>
    <Image Include="res\Keyboard\Special\IDB_P_CSG.bmp">
      <Filter>리소스 파일</Filter>
    </Image>
    <Image Include="res\Keyboard\Special\IDB_P_CSG_OVER.bmp">
      <Filter>리소스 파일</Filter>
    </Image>
    <Image Include="res\Keyboard\Special\IDB_P_DOL.bmp">
      <Filter>리소스 파일</Filter>
    </Image>
    <Image Include="res\Keyboard\Special\IDB_P_DOL_OVER.bmp">
      <Filter>리소스 파일</Filter>
    </Image>
    <Image Include="res\Keyboard\Special\IDB_P_EQL.bmp">
      <Filter>리소스 파일</Filter>
    </Image>
    <Image Include="res\Keyboard\Special\IDB_P_EQL_OVER.bmp">
      <Filter>리소스 파일</Filter>
    </Image>
    <Image Include="res\Keyboard\Special\IDB_P_EXC.bmp">
      <Filter>리소스 파일</Filter>
    </Image>
    <Image Include="res\Keyboard\Special\IDB_P_EXC_OVER.bmp">
      <Filter>리소스 파일</Filter>
    </Image>
    <Image Include="res\Keyboard\Special\IDB_P_GOL.bmp">
      <Filter>리소스 파일</Filter>
    </Image>
    <Image Include="res\Keyboard\Special\IDB_P_GOL_OVER.bmp">
      <Filter>리소스 파일</Filter>
    </Image>
    <Image Include="res\Keyboard\Special\IDB_P_HYP.bmp">
      <Filter>리소스 파일</Filter>
    </Image>
    <Image Include="res\Keyboard\Special\IDB_P_HYP_OVER.bmp">
      <Filter>리소스 파일</Filter>
    </Image>
    <Image Include="res\Keyboard\Special\IDB_P_ODG.bmp">
      <Filter>리소스 파일</Filter>
    </Image>
    <Image Include="res\Keyboard\Special\IDB_P_ODG_OVER.bmp">
      <Filter>리소스 파일</Filter>
    </Image>
    <Image Include="res\Keyboard\Special\IDB_P_OKG.bmp">
      <Filter>리소스 파일</Filter>
    </Image>
    <Image Include="res\Keyboard\Special\IDB_P_OKG_OVER.bmp">
      <Filter>리소스 파일</Filter>
    </Image>
    <Image Include="res\Keyboard\Special\IDB_P_OSG.bmp">
      <Filter>리소스 파일</Filter>
    </Image>
    <Image Include="res\Keyboard\Special\IDB_P_OSG_OVER.bmp">
      <Filter>리소스 파일</Filter>
    </Image>
    <Image Include="res\Keyboard\Special\IDB_P_PER.bmp">
      <Filter>리소스 파일</Filter>
    </Image>
    <Image Include="res\Keyboard\Special\IDB_P_PER_OVER.bmp">
      <Filter>리소스 파일</Filter>
    </Image>
    <Image Include="res\Keyboard\Special\IDB_P_PLS.bmp">
      <Filter>리소스 파일</Filter>
    </Image>
    <Image Include="res\Keyboard\Special\IDB_P_PLS_OVER.bmp">
      <Filter>리소스 파일</Filter>
    </Image>
    <Image Include="res\Keyboard\Special\IDB_P_QST.bmp">
      <Filter>리소스 파일</Filter>
    </Image>
    <Image Include="res\Keyboard\Special\IDB_P_QST_OVER.bmp">
      <Filter>리소스 파일</Filter>
    </Image>
    <Image Include="res\Keyboard\Special\IDB_P_SCL.bmp">
      <Filter>리소스 파일</Filter>
    </Image>
    <Image Include="res\Keyboard\Special\IDB_P_SCL_OVER.bmp">
      <Filter>리소스 파일</Filter>
    </Image>
    <Image Include="res\Keyboard\Special\IDB_P_SDD.bmp">
      <Filter>리소스 파일</Filter>
    </Image>
    <Image Include="res\Keyboard\Special\IDB_P_SDD_OVER.bmp">
      <Filter>리소스 파일</Filter>
    </Image>
    <Image Include="res\Keyboard\Special\IDB_P_SHA.bmp">
      <Filter>리소스 파일</Filter>
    </Image>
    <Image Include="res\Keyboard\Special\IDB_P_SHA_OVER.bmp">
      <Filter>리소스 파일</Filter>
    </Image>
    <Image Include="res\Keyboard\Special\IDB_P_SLS.bmp">
      <Filter>리소스 파일</Filter>
    </Image>
    <Image Include="res\Keyboard\Special\IDB_P_SLS_OVER.bmp">
      <Filter>리소스 파일</Filter>
    </Image>
    <Image Include="res\Keyboard\Special\IDB_P_WAV.bmp">
      <Filter>리소스 파일</Filter>
    </Image>
    <Image Include="res\Keyboard\Special\IDB_P_WAV_OVER.bmp">
      <Filter>리소스 파일</Filter>
    </Image>
    <Image Include="res\Keyboard\Main\BT_MouseD.bmp">
      <Filter>리소스 파일</Filter>
    </Image>
    <Image Include="res\Keyboard\Main\BT_MouseF.bmp">
      <Filter>리소스 파일</Filter>
    </Image>
    <Image Include="res\Keyboard\Main\BT_MouseU.bmp">
      <Filter>리소스 파일</Filter>
    </Image>
    <Image Include="res\Keyboard\Main\BT_MouseX.bmp">
      <Filter>리소스 파일</Filter>
    </Image>
    <Image Include="res\Keyboard\Main\IDB_M_KBD.bmp">
      <Filter>리소스 파일</Filter>
    </Image>
    <Image Include="res\Keyboard\Main\IDB_M_KBD_OVER.bmp">
      <Filter>리소스 파일</Filter>
    </Image>
    <Image Include="res\Keyboard\Main\IDB_M_MOS.bmp">
      <Filter>리소스 파일</Filter>
    </Image>
    <Image Include="res\Keyboard\Main\IDB_M_MOS_OVER.bmp">
      <Filter>리소스 파일</Filter>
    </Image>
    <Image Include="res\Keyboard\Main\IDB_M_SCD.bmp">
      <Filter>리소스 파일</Filter>
    </Image>
    <Image Include="res\Keyboard\Main\IDB_M_SCD_OVER.bmp">
      <Filter>리소스 파일</Filter>
    </Image>
    <Image Include="res\Keyboard\Main\IDB_M_SCU.bmp">
      <Filter>리소스 파일</Filter>
    </Image>
    <Image Include="res\Keyboard\Main\IDB_M_SCU_OVER.bmp">
      <Filter>리소스 파일</Filter>
    </Image>
    <Image Include="res\Keyboard\Main\IDB_M_SET.bmp">
      <Filter>리소스 파일</Filter>
    </Image>
    <Image Include="res\Keyboard\Main\IDB_M_SET_OVER.bmp">
      <Filter>리소스 파일</Filter>
    </Image>
  </ItemGroup>
</Project>